{
  "name": "regex-data-generator",
  "version": "1.0.0",
  "lockfileVersion": 2,
  "requires": true,
  "packages": {
    "": {
      "name": "regex-data-generator",
      "version": "1.0.0",
      "license": "Apache-2.0",
      "dependencies": {
        "colors": "^1.4.0",
        "json-to-pretty-yaml": "^1.2.2",
        "jsontoxml": "^1.0.1",
        "process.argv": "^0.6.0",
        "randexp": "^0.5.3"
      }
    },
    "node_modules/colors": {
      "version": "1.4.0",
      "resolved": "https://registry.npmjs.org/colors/-/colors-1.4.0.tgz",
      "integrity": "sha512-a+UqTh4kgZg/SlGvfbzDHpgRu7AAQOmmqRHJnxhRZICKFUT91brVhNNt58CMWU9PsBbv3PDCZUHbVxuDiH2mtA==",
      "engines": {
        "node": ">=0.1.90"
      }
    },
    "node_modules/drange": {
      "version": "1.1.1",
      "resolved": "https://registry.npmjs.org/drange/-/drange-1.1.1.tgz",
      "integrity": "sha512-pYxfDYpued//QpnLIm4Avk7rsNtAtQkUES2cwAYSvD/wd2pKD71gN2Ebj3e7klzXwjocvE8c5vx/1fxwpqmSxA==",
      "engines": {
        "node": ">=4"
      }
    },
    "node_modules/json-to-pretty-yaml": {
      "version": "1.2.2",
      "resolved": "https://registry.npmjs.org/json-to-pretty-yaml/-/json-to-pretty-yaml-1.2.2.tgz",
      "integrity": "sha512-rvm6hunfCcqegwYaG5T4yKJWxc9FXFgBVrcTZ4XfSVRwa5HA/Xs+vB/Eo9treYYHCeNM0nrSUr82V/M31Urc7A==",
      "dependencies": {
        "remedial": "^1.0.7",
        "remove-trailing-spaces": "^1.0.6"
      },
      "engines": {
        "node": ">= 0.2.0"
      }
    },
    "node_modules/jsontoxml": {
      "version": "1.0.1",
      "resolved": "https://registry.npmjs.org/jsontoxml/-/jsontoxml-1.0.1.tgz",
      "integrity": "sha512-dtKGq0K8EWQBRqcAaePSgKR4Hyjfsz/LkurHSV3Cxk4H+h2fWDeaN2jzABz+ZmOJylgXS7FGeWmbZ6jgYUMdJQ==",
      "engines": {
        "node": ">=0.2.0"
      }
    },
    "node_modules/obop": {
      "version": "0.2.1",
      "resolved": "https://registry.npmjs.org/obop/-/obop-0.2.1.tgz",
      "integrity": "sha512-cw8GJUfhWqFK/NOEZfBUhn8mLrnyRfbWyK9MGl/hFaLQDh1QlaOapvnTsB8X+xWMFEi4pr5BCQXaiuDD2iFJww=="
    },
    "node_modules/process.argv": {
      "version": "0.6.0",
      "resolved": "https://registry.npmjs.org/process.argv/-/process.argv-0.6.0.tgz",
      "integrity": "sha512-G5Y6H3IXEOO8dOoWVH+Ml1fSnjfRYruxl/Yuw43x8ncKzyS5k26bwNpITb7qc/TU3JqIttkh74zhLN64CDW0Yw==",
      "dependencies": {
        "obop": "^0.2.0"
      }
    },
    "node_modules/randexp": {
      "version": "0.5.3",
      "resolved": "https://registry.npmjs.org/randexp/-/randexp-0.5.3.tgz",
      "integrity": "sha512-U+5l2KrcMNOUPYvazA3h5ekF80FHTUG+87SEAmHZmolh1M+i/WyTCxVzmi+tidIa1tM4BSe8g2Y/D3loWDjj+w==",
      "dependencies": {
        "drange": "^1.0.2",
        "ret": "^0.2.0"
      },
      "engines": {
        "node": ">=4"
      }
    },
    "node_modules/remedial": {
      "version": "1.0.8",
      "resolved": "https://registry.npmjs.org/remedial/-/remedial-1.0.8.tgz",
      "integrity": "sha512-/62tYiOe6DzS5BqVsNpH/nkGlX45C/Sp6V+NtiN6JQNS1Viay7cWkazmRkrQrdFj2eshDe96SIQNIoMxqhzBOg==",
      "engines": {
        "node": "*"
      }
    },
    "node_modules/remove-trailing-spaces": {
      "version": "1.0.8",
      "resolved": "https://registry.npmjs.org/remove-trailing-spaces/-/remove-trailing-spaces-1.0.8.tgz",
      "integrity": "sha512-O3vsMYfWighyFbTd8hk8VaSj9UAGENxAtX+//ugIst2RMk5e03h6RoIS+0ylsFxY1gvmPuAY/PO4It+gPEeySA=="
    },
    "node_modules/ret": {
      "version": "0.2.2",
      "resolved": "https://registry.npmjs.org/ret/-/ret-0.2.2.tgz",
      "integrity": "sha512-M0b3YWQs7R3Z917WRQy1HHA7Ba7D8hvZg6UE5mLykJxQVE2ju0IXbGlaHPPlkY+WN7wFP+wUMXmBFA0aV6vYGQ==",
      "engines": {
        "node": ">=4"
      }
    }
  },
  "dependencies": {
    "colors": {
      "version": "1.4.0",
      "resolved": "https://registry.npmjs.org/colors/-/colors-1.4.0.tgz",
      "integrity": "sha512-a+UqTh4kgZg/SlGvfbzDHpgRu7AAQOmmqRHJnxhRZICKFUT91brVhNNt58CMWU9PsBbv3PDCZUHbVxuDiH2mtA=="
    },
    "drange": {
      "version": "1.1.1",
      "resolved": "https://registry.npmjs.org/drange/-/drange-1.1.1.tgz",
      "integrity": "sha512-pYxfDYpued//QpnLIm4Avk7rsNtAtQkUES2cwAYSvD/wd2pKD71gN2Ebj3e7klzXwjocvE8c5vx/1fxwpqmSxA=="
    },
    "json-to-pretty-yaml": {
      "version": "1.2.2",
      "resolved": "https://registry.npmjs.org/json-to-pretty-yaml/-/json-to-pretty-yaml-1.2.2.tgz",
      "integrity": "sha512-rvm6hunfCcqegwYaG5T4yKJWxc9FXFgBVrcTZ4XfSVRwa5HA/Xs+vB/Eo9treYYHCeNM0nrSUr82V/M31Urc7A==",
      "requires": {
        "remedial": "^1.0.7",
        "remove-trailing-spaces": "^1.0.6"
      }
    },
    "jsontoxml": {
      "version": "1.0.1",
      "resolved": "https://registry.npmjs.org/jsontoxml/-/jsontoxml-1.0.1.tgz",
      "integrity": "sha512-dtKGq0K8EWQBRqcAaePSgKR4Hyjfsz/LkurHSV3Cxk4H+h2fWDeaN2jzABz+ZmOJylgXS7FGeWmbZ6jgYUMdJQ=="
    },
    "obop": {
      "version": "0.2.1",
      "resolved": "https://registry.npmjs.org/obop/-/obop-0.2.1.tgz",
      "integrity": "sha512-cw8GJUfhWqFK/NOEZfBUhn8mLrnyRfbWyK9MGl/hFaLQDh1QlaOapvnTsB8X+xWMFEi4pr5BCQXaiuDD2iFJww=="
    },
    "process.argv": {
      "version": "0.6.0",
      "resolved": "https://registry.npmjs.org/process.argv/-/process.argv-0.6.0.tgz",
      "integrity": "sha512-G5Y6H3IXEOO8dOoWVH+Ml1fSnjfRYruxl/Yuw43x8ncKzyS5k26bwNpITb7qc/TU3JqIttkh74zhLN64CDW0Yw==",
      "requires": {
        "obop": "^0.2.0"
      }
    },
    "randexp": {
      "version": "0.5.3",
      "resolved": "https://registry.npmjs.org/randexp/-/randexp-0.5.3.tgz",
      "integrity": "sha512-U+5l2KrcMNOUPYvazA3h5ekF80FHTUG+87SEAmHZmolh1M+i/WyTCxVzmi+tidIa1tM4BSe8g2Y/D3loWDjj+w==",
      "requires": {
        "drange": "^1.0.2",
        "ret": "^0.2.0"
      }
    },
    "remedial": {
      "version": "1.0.8",
      "resolved": "https://registry.npmjs.org/remedial/-/remedial-1.0.8.tgz",
      "integrity": "sha512-/62tYiOe6DzS5BqVsNpH/nkGlX45C/Sp6V+NtiN6JQNS1Viay7cWkazmRkrQrdFj2eshDe96SIQNIoMxqhzBOg=="
    },
    "remove-trailing-spaces": {
      "version": "1.0.8",
      "resolved": "https://registry.npmjs.org/remove-trailing-spaces/-/remove-trailing-spaces-1.0.8.tgz",
      "integrity": "sha512-O3vsMYfWighyFbTd8hk8VaSj9UAGENxAtX+//ugIst2RMk5e03h6RoIS+0ylsFxY1gvmPuAY/PO4It+gPEeySA=="
    },
    "ret": {
      "version": "0.2.2",
      "resolved": "https://registry.npmjs.org/ret/-/ret-0.2.2.tgz",
      "integrity": "sha512-M0b3YWQs7R3Z917WRQy1HHA7Ba7D8hvZg6UE5mLykJxQVE2ju0IXbGlaHPPlkY+WN7wFP+wUMXmBFA0aV6vYGQ=="
    }
  }
}
